github.com/ccding/go-config-reader v0.0.0-20130817225950-8b6c2b50197f h1:Yiszr5L3/DTI+28noTGXL7j8pI8No06SJNY6Q9z986E=
github.com/ccding/go-config-reader v0.0.0-20130817225950-8b6c2b50197f/go.mod h1:NMD1eZz/onlX1/IsFSzyAG6nh0rq+ZmTsSW6V9LpZNU=
github.com/ccding/go-logging v0.0.0-20190618175518-0ac4cc1a6533 h1:BrY5C6BgEo1U7s8w4XgFfYZbmNJ/ezzc0MTIGZAX4NQ=
github.com/ccding/go-logging v0.0.0-20190618175518-0ac4cc1a6533/go.mod h1:/CTuN8agn7HDXW87b8yuNFhoEG4xxTftYwomHpFzR9c=
github.com/davecgh/go-spew v1.1.1/go.mod h1:J7Y8YcW2NihsgmVo/mv3lAwl/skON4iLHjSsI+c5H38=
github.com/imdario/mergo v0.3.11 h1:3tnifQM4i+fbajXKBHXWEH+KvNHqojZ778UH75j3bGA=
github.com/imdario/mergo v0.3.11/go.mod h1:jmQim1M+e3UYxmgPu/WyfjB3N3VflVyUjjjwH0dnCYA=
github.com/kardianos/osext v0.0.0-20190222173326-2bc1f35cddc0 h1:iQTw/8FWTuc7uiaSepXwyf3o52HaUYcV+Tu66S3F5GA=
github.com/kardianos/osext v0.0.0-20190222173326-2bc1f35cddc0/go.mod h1:1NbS8ALrpOvjt0rHPNLyCIeMtbizbir8U//inJ+zuB8=
github.com/nuagenetworks/go-bambou v1.0.1 h1:2a57V5x9SgRJBiks3ctaKmunzeCnzSGk70wWVVjgP8M=
github.com/nuagenetworks/go-bambou v1.0.1/go.mod h1:yC0ArV/eEns5nHC0UPwLOcKWkbCZxb63tUd352gL7M4=
github.com/nuagenetworks/vspk-go v6.0.9+incompatible h1:VFF2psz04wOgtQgotbfyPNZ6ale5TE9URkOUBeR3BTA=
github.com/nuagenetworks/vspk-go v6.0.9+incompatible/go.mod h1:fmVBvdkGnXfHSn7drdJwlPqNa+123RmOMpzSubPT6E8=
github.com/pmezard/go-difflib v1.0.0/go.mod h1:iKH77koFhYxTK1pcRnkKkqfTogsbg7gZNVY4sRDYZ/4=
github.com/sirupsen/logrus v1.7.0 h1:ShrD1U9pZB12TX0cVy0DtePoCH97K8EtX+mg7ZARUtM=
github.com/sirupsen/logrus v1.7.0/go.mod h1:yWOB1SBYBC5VeMP7gHvWumXLIWorT60ONWic61uBYv0=
github.com/stretchr/testify v1.2.2/go.mod h1:a8OnRcib4nhh0OaRAV+Yts87kKdq0PP7pXfy6kDkUVs=
golang.org/x/sys v0.0.0-20191026070338-33540a1f6037 h1:YyJpGZS1sBuBCzLAR1VEpK193GlqGZbnPFnPV/5Rsb4=
golang.org/x/sys v0.0.0-20191026070338-33540a1f6037/go.mod h1:h1NjWce9XRLGQEsW7wpKNCjG9DtNlClVuFLEZdDNbEs=
gopkg.in/check.v1 v0.0.0-20161208181325-20d25e280405/go.mod h1:Co6ibVJAznAaIkqp8huTwlJQCZ016jof/cbN4VW5Yz0=
gopkg.in/yaml.v2 v2.3.0/go.mod h1:hI93XBmqTisBFMUTm0b8Fm+jr3Dg1NNxqwp+5A1VGuI=
